{
  "version": 4,
  "terraform_version": "1.2.5",
  "serial": 3,
  "lineage": "3ffbf15f-3b39-da8a-5c7f-b836ed136cf1",
  "outputs": {},
  "resources": [
    {
      "mode": "data",
      "type": "aws_ami",
      "name": "ubuntu",
      "provider": "provider[\"registry.terraform.io/hashicorp/aws\"]",
      "instances": [
        {
          "schema_version": 0,
          "attributes": {
            "architecture": "x86_64",
            "arn": "arn:aws:ec2:ap-northeast-2::image/ami-08f869ae259b6bc98",
            "block_device_mappings": [
              {
                "device_name": "/dev/sda1",
                "ebs": {
                  "delete_on_termination": "true",
                  "encrypted": "false",
                  "iops": "0",
                  "snapshot_id": "snap-07f20623d76057a27",
                  "throughput": "0",
                  "volume_size": "8",
                  "volume_type": "gp2"
                },
                "no_device": "",
                "virtual_name": ""
              },
              {
                "device_name": "/dev/sdb",
                "ebs": {},
                "no_device": "",
                "virtual_name": "ephemeral0"
              },
              {
                "device_name": "/dev/sdc",
                "ebs": {},
                "no_device": "",
                "virtual_name": "ephemeral1"
              }
            ],
            "boot_mode": "",
            "creation_date": "2022-08-10T12:40:48.000Z",
            "deprecation_time": "2024-08-10T12:40:48.000Z",
            "description": "Canonical, Ubuntu, 20.04 LTS, amd64 focal image build on 2022-08-10",
            "ena_support": true,
            "executable_users": null,
            "filter": [
              {
                "name": "name",
                "values": [
                  "ubuntu/images/hvm-ssd/ubuntu-focal-20.04-amd64-server-*"
                ]
              },
              {
                "name": "virtualization-type",
                "values": [
                  "hvm"
                ]
              }
            ],
            "hypervisor": "xen",
            "id": "ami-08f869ae259b6bc98",
            "image_id": "ami-08f869ae259b6bc98",
            "image_location": "099720109477/ubuntu/images/hvm-ssd/ubuntu-focal-20.04-amd64-server-20220810",
            "image_owner_alias": "",
            "image_type": "machine",
            "include_deprecated": false,
            "kernel_id": "",
            "most_recent": true,
            "name": "ubuntu/images/hvm-ssd/ubuntu-focal-20.04-amd64-server-20220810",
            "name_regex": null,
            "owner_id": "099720109477",
            "owners": [
              "099720109477"
            ],
            "platform": "",
            "platform_details": "Linux/UNIX",
            "product_codes": [],
            "public": true,
            "ramdisk_id": "",
            "root_device_name": "/dev/sda1",
            "root_device_type": "ebs",
            "root_snapshot_id": "snap-07f20623d76057a27",
            "sriov_net_support": "simple",
            "state": "available",
            "state_reason": {
              "code": "UNSET",
              "message": "UNSET"
            },
            "tags": {},
            "timeouts": null,
            "tpm_support": "",
            "usage_operation": "RunInstances",
            "virtualization_type": "hvm"
          },
          "sensitive_attributes": []
        }
      ]
    },
    {
      "mode": "data",
      "type": "terraform_remote_state",
      "name": "network",
      "provider": "provider[\"terraform.io/builtin/terraform\"]",
      "instances": [
        {
          "schema_version": 0,
          "attributes": {
            "backend": "local",
            "config": {
              "value": {
                "path": "./../network/terraform.tfstate"
              },
              "type": [
                "object",
                {
                  "path": "string"
                }
              ]
            },
            "defaults": null,
            "outputs": {
              "value": {
                "subnet_groups": {
                  "private": {
                    "arns": [
                      "arn:aws:ec2:ap-northeast-2:755233231675:subnet/subnet-0b39f8349d452f2ed",
                      "arn:aws:ec2:ap-northeast-2:755233231675:subnet/subnet-09b2b03725837be11"
                    ],
                    "availability_zone_ids": [
                      "apne2-az1",
                      "apne2-az2"
                    ],
                    "availability_zones": [
                      "ap-northeast-2a",
                      "ap-northeast-2b"
                    ],
                    "cache_subnet_group_id": null,
                    "cidr_blocks": [
                      "10.0.10.0/24",
                      "10.0.11.0/24"
                    ],
                    "dax_subnet_group_id": null,
                    "db_subnet_group_arn": null,
                    "db_subnet_group_id": null,
                    "dms_replication_subnet_group_id": null,
                    "docdb_subnet_group_arn": null,
                    "docdb_subnet_group_id": null,
                    "ids": [
                      "subnet-0b39f8349d452f2ed",
                      "subnet-09b2b03725837be11"
                    ],
                    "ipv6_cidr_blocks": [],
                    "name": "remote-state-private",
                    "neptune_subnet_group_arn": null,
                    "neptune_subnet_group_id": null,
                    "redshift_subnet_group_arn": null,
                    "redshift_subnet_group_id": null,
                    "subnets": [
                      {
                        "arn": "arn:aws:ec2:ap-northeast-2:755233231675:subnet/subnet-0b39f8349d452f2ed",
                        "assign_ipv6_address_on_creation": false,
                        "availability_zone": "ap-northeast-2a",
                        "availability_zone_id": "apne2-az1",
                        "cidr_block": "10.0.10.0/24",
                        "customer_owned_ipv4_pool": "",
                        "enable_dns64": false,
                        "enable_resource_name_dns_a_record_on_launch": false,
                        "enable_resource_name_dns_aaaa_record_on_launch": false,
                        "id": "subnet-0b39f8349d452f2ed",
                        "ipv6_cidr_block": "",
                        "ipv6_cidr_block_association_id": "",
                        "ipv6_native": false,
                        "map_customer_owned_ip_on_launch": false,
                        "map_public_ip_on_launch": false,
                        "outpost_arn": "",
                        "owner_id": "755233231675",
                        "private_dns_hostname_type_on_launch": "ip-name",
                        "tags": {
                          "Name": "remote-state-private-001/az1",
                          "Owner": "sieon2",
                          "Project": "Network",
                          "module.terraform.io/full-name": "terraform-aws-network/subnet-group",
                          "module.terraform.io/instance": "remote-state-private",
                          "module.terraform.io/name": "subnet-group",
                          "module.terraform.io/package": "terraform-aws-network",
                          "module.terraform.io/version": "0.24.0"
                        },
                        "tags_all": {
                          "Name": "remote-state-private-001/az1",
                          "Owner": "sieon2",
                          "Project": "Network",
                          "module.terraform.io/full-name": "terraform-aws-network/subnet-group",
                          "module.terraform.io/instance": "remote-state-private",
                          "module.terraform.io/name": "subnet-group",
                          "module.terraform.io/package": "terraform-aws-network",
                          "module.terraform.io/version": "0.24.0"
                        },
                        "timeouts": null,
                        "vpc_id": "vpc-0655298253cf3597d"
                      },
                      {
                        "arn": "arn:aws:ec2:ap-northeast-2:755233231675:subnet/subnet-09b2b03725837be11",
                        "assign_ipv6_address_on_creation": false,
                        "availability_zone": "ap-northeast-2b",
                        "availability_zone_id": "apne2-az2",
                        "cidr_block": "10.0.11.0/24",
                        "customer_owned_ipv4_pool": "",
                        "enable_dns64": false,
                        "enable_resource_name_dns_a_record_on_launch": false,
                        "enable_resource_name_dns_aaaa_record_on_launch": false,
                        "id": "subnet-09b2b03725837be11",
                        "ipv6_cidr_block": "",
                        "ipv6_cidr_block_association_id": "",
                        "ipv6_native": false,
                        "map_customer_owned_ip_on_launch": false,
                        "map_public_ip_on_launch": false,
                        "outpost_arn": "",
                        "owner_id": "755233231675",
                        "private_dns_hostname_type_on_launch": "ip-name",
                        "tags": {
                          "Name": "remote-state-private-002/az2",
                          "Owner": "sieon2",
                          "Project": "Network",
                          "module.terraform.io/full-name": "terraform-aws-network/subnet-group",
                          "module.terraform.io/instance": "remote-state-private",
                          "module.terraform.io/name": "subnet-group",
                          "module.terraform.io/package": "terraform-aws-network",
                          "module.terraform.io/version": "0.24.0"
                        },
                        "tags_all": {
                          "Name": "remote-state-private-002/az2",
                          "Owner": "sieon2",
                          "Project": "Network",
                          "module.terraform.io/full-name": "terraform-aws-network/subnet-group",
                          "module.terraform.io/instance": "remote-state-private",
                          "module.terraform.io/name": "subnet-group",
                          "module.terraform.io/package": "terraform-aws-network",
                          "module.terraform.io/version": "0.24.0"
                        },
                        "timeouts": null,
                        "vpc_id": "vpc-0655298253cf3597d"
                      }
                    ],
                    "vpc_id": "vpc-0655298253cf3597d"
                  },
                  "public": {
                    "arns": [
                      "arn:aws:ec2:ap-northeast-2:755233231675:subnet/subnet-0158add01c7e5ac01",
                      "arn:aws:ec2:ap-northeast-2:755233231675:subnet/subnet-0ea9a6a5e7af6c36f"
                    ],
                    "availability_zone_ids": [
                      "apne2-az1",
                      "apne2-az2"
                    ],
                    "availability_zones": [
                      "ap-northeast-2a",
                      "ap-northeast-2b"
                    ],
                    "cache_subnet_group_id": null,
                    "cidr_blocks": [
                      "10.0.0.0/24",
                      "10.0.1.0/24"
                    ],
                    "dax_subnet_group_id": null,
                    "db_subnet_group_arn": null,
                    "db_subnet_group_id": null,
                    "dms_replication_subnet_group_id": null,
                    "docdb_subnet_group_arn": null,
                    "docdb_subnet_group_id": null,
                    "ids": [
                      "subnet-0158add01c7e5ac01",
                      "subnet-0ea9a6a5e7af6c36f"
                    ],
                    "ipv6_cidr_blocks": [],
                    "name": "remote-state-public",
                    "neptune_subnet_group_arn": null,
                    "neptune_subnet_group_id": null,
                    "redshift_subnet_group_arn": null,
                    "redshift_subnet_group_id": null,
                    "subnets": [
                      {
                        "arn": "arn:aws:ec2:ap-northeast-2:755233231675:subnet/subnet-0158add01c7e5ac01",
                        "assign_ipv6_address_on_creation": false,
                        "availability_zone": "ap-northeast-2a",
                        "availability_zone_id": "apne2-az1",
                        "cidr_block": "10.0.0.0/24",
                        "customer_owned_ipv4_pool": "",
                        "enable_dns64": false,
                        "enable_resource_name_dns_a_record_on_launch": false,
                        "enable_resource_name_dns_aaaa_record_on_launch": false,
                        "id": "subnet-0158add01c7e5ac01",
                        "ipv6_cidr_block": "",
                        "ipv6_cidr_block_association_id": "",
                        "ipv6_native": false,
                        "map_customer_owned_ip_on_launch": false,
                        "map_public_ip_on_launch": true,
                        "outpost_arn": "",
                        "owner_id": "755233231675",
                        "private_dns_hostname_type_on_launch": "ip-name",
                        "tags": {
                          "Name": "remote-state-public-001/az1",
                          "Owner": "sieon2",
                          "Project": "Network",
                          "module.terraform.io/full-name": "terraform-aws-network/subnet-group",
                          "module.terraform.io/instance": "remote-state-public",
                          "module.terraform.io/name": "subnet-group",
                          "module.terraform.io/package": "terraform-aws-network",
                          "module.terraform.io/version": "0.24.0"
                        },
                        "tags_all": {
                          "Name": "remote-state-public-001/az1",
                          "Owner": "sieon2",
                          "Project": "Network",
                          "module.terraform.io/full-name": "terraform-aws-network/subnet-group",
                          "module.terraform.io/instance": "remote-state-public",
                          "module.terraform.io/name": "subnet-group",
                          "module.terraform.io/package": "terraform-aws-network",
                          "module.terraform.io/version": "0.24.0"
                        },
                        "timeouts": null,
                        "vpc_id": "vpc-0655298253cf3597d"
                      },
                      {
                        "arn": "arn:aws:ec2:ap-northeast-2:755233231675:subnet/subnet-0ea9a6a5e7af6c36f",
                        "assign_ipv6_address_on_creation": false,
                        "availability_zone": "ap-northeast-2b",
                        "availability_zone_id": "apne2-az2",
                        "cidr_block": "10.0.1.0/24",
                        "customer_owned_ipv4_pool": "",
                        "enable_dns64": false,
                        "enable_resource_name_dns_a_record_on_launch": false,
                        "enable_resource_name_dns_aaaa_record_on_launch": false,
                        "id": "subnet-0ea9a6a5e7af6c36f",
                        "ipv6_cidr_block": "",
                        "ipv6_cidr_block_association_id": "",
                        "ipv6_native": false,
                        "map_customer_owned_ip_on_launch": false,
                        "map_public_ip_on_launch": true,
                        "outpost_arn": "",
                        "owner_id": "755233231675",
                        "private_dns_hostname_type_on_launch": "ip-name",
                        "tags": {
                          "Name": "remote-state-public-002/az2",
                          "Owner": "sieon2",
                          "Project": "Network",
                          "module.terraform.io/full-name": "terraform-aws-network/subnet-group",
                          "module.terraform.io/instance": "remote-state-public",
                          "module.terraform.io/name": "subnet-group",
                          "module.terraform.io/package": "terraform-aws-network",
                          "module.terraform.io/version": "0.24.0"
                        },
                        "tags_all": {
                          "Name": "remote-state-public-002/az2",
                          "Owner": "sieon2",
                          "Project": "Network",
                          "module.terraform.io/full-name": "terraform-aws-network/subnet-group",
                          "module.terraform.io/instance": "remote-state-public",
                          "module.terraform.io/name": "subnet-group",
                          "module.terraform.io/package": "terraform-aws-network",
                          "module.terraform.io/version": "0.24.0"
                        },
                        "timeouts": null,
                        "vpc_id": "vpc-0655298253cf3597d"
                      }
                    ],
                    "vpc_id": "vpc-0655298253cf3597d"
                  }
                },
                "vpc_cidr": "10.0.0.0/16",
                "vpc_id": "vpc-0655298253cf3597d",
                "vpc_name": "remote-state"
              },
              "type": [
                "object",
                {
                  "subnet_groups": [
                    "object",
                    {
                      "private": [
                        "object",
                        {
                          "arns": [
                            "tuple",
                            [
                              "string",
                              "string"
                            ]
                          ],
                          "availability_zone_ids": [
                            "list",
                            "string"
                          ],
                          "availability_zones": [
                            "list",
                            "string"
                          ],
                          "cache_subnet_group_id": "dynamic",
                          "cidr_blocks": [
                            "tuple",
                            [
                              "string",
                              "string"
                            ]
                          ],
                          "dax_subnet_group_id": "dynamic",
                          "db_subnet_group_arn": "dynamic",
                          "db_subnet_group_id": "dynamic",
                          "dms_replication_subnet_group_id": "dynamic",
                          "docdb_subnet_group_arn": "dynamic",
                          "docdb_subnet_group_id": "dynamic",
                          "ids": [
                            "tuple",
                            [
                              "string",
                              "string"
                            ]
                          ],
                          "ipv6_cidr_blocks": [
                            "list",
                            "string"
                          ],
                          "name": "string",
                          "neptune_subnet_group_arn": "dynamic",
                          "neptune_subnet_group_id": "dynamic",
                          "redshift_subnet_group_arn": "dynamic",
                          "redshift_subnet_group_id": "dynamic",
                          "subnets": [
                            "tuple",
                            [
                              [
                                "object",
                                {
                                  "arn": "string",
                                  "assign_ipv6_address_on_creation": "bool",
                                  "availability_zone": "string",
                                  "availability_zone_id": "string",
                                  "cidr_block": "string",
                                  "customer_owned_ipv4_pool": "string",
                                  "enable_dns64": "bool",
                                  "enable_resource_name_dns_a_record_on_launch": "bool",
                                  "enable_resource_name_dns_aaaa_record_on_launch": "bool",
                                  "id": "string",
                                  "ipv6_cidr_block": "string",
                                  "ipv6_cidr_block_association_id": "string",
                                  "ipv6_native": "bool",
                                  "map_customer_owned_ip_on_launch": "bool",
                                  "map_public_ip_on_launch": "bool",
                                  "outpost_arn": "string",
                                  "owner_id": "string",
                                  "private_dns_hostname_type_on_launch": "string",
                                  "tags": [
                                    "map",
                                    "string"
                                  ],
                                  "tags_all": [
                                    "map",
                                    "string"
                                  ],
                                  "timeouts": [
                                    "object",
                                    {
                                      "create": "string",
                                      "delete": "string"
                                    }
                                  ],
                                  "vpc_id": "string"
                                }
                              ],
                              [
                                "object",
                                {
                                  "arn": "string",
                                  "assign_ipv6_address_on_creation": "bool",
                                  "availability_zone": "string",
                                  "availability_zone_id": "string",
                                  "cidr_block": "string",
                                  "customer_owned_ipv4_pool": "string",
                                  "enable_dns64": "bool",
                                  "enable_resource_name_dns_a_record_on_launch": "bool",
                                  "enable_resource_name_dns_aaaa_record_on_launch": "bool",
                                  "id": "string",
                                  "ipv6_cidr_block": "string",
                                  "ipv6_cidr_block_association_id": "string",
                                  "ipv6_native": "bool",
                                  "map_customer_owned_ip_on_launch": "bool",
                                  "map_public_ip_on_launch": "bool",
                                  "outpost_arn": "string",
                                  "owner_id": "string",
                                  "private_dns_hostname_type_on_launch": "string",
                                  "tags": [
                                    "map",
                                    "string"
                                  ],
                                  "tags_all": [
                                    "map",
                                    "string"
                                  ],
                                  "timeouts": [
                                    "object",
                                    {
                                      "create": "string",
                                      "delete": "string"
                                    }
                                  ],
                                  "vpc_id": "string"
                                }
                              ]
                            ]
                          ],
                          "vpc_id": "string"
                        }
                      ],
                      "public": [
                        "object",
                        {
                          "arns": [
                            "tuple",
                            [
                              "string",
                              "string"
                            ]
                          ],
                          "availability_zone_ids": [
                            "list",
                            "string"
                          ],
                          "availability_zones": [
                            "list",
                            "string"
                          ],
                          "cache_subnet_group_id": "dynamic",
                          "cidr_blocks": [
                            "tuple",
                            [
                              "string",
                              "string"
                            ]
                          ],
                          "dax_subnet_group_id": "dynamic",
                          "db_subnet_group_arn": "dynamic",
                          "db_subnet_group_id": "dynamic",
                          "dms_replication_subnet_group_id": "dynamic",
                          "docdb_subnet_group_arn": "dynamic",
                          "docdb_subnet_group_id": "dynamic",
                          "ids": [
                            "tuple",
                            [
                              "string",
                              "string"
                            ]
                          ],
                          "ipv6_cidr_blocks": [
                            "list",
                            "string"
                          ],
                          "name": "string",
                          "neptune_subnet_group_arn": "dynamic",
                          "neptune_subnet_group_id": "dynamic",
                          "redshift_subnet_group_arn": "dynamic",
                          "redshift_subnet_group_id": "dynamic",
                          "subnets": [
                            "tuple",
                            [
                              [
                                "object",
                                {
                                  "arn": "string",
                                  "assign_ipv6_address_on_creation": "bool",
                                  "availability_zone": "string",
                                  "availability_zone_id": "string",
                                  "cidr_block": "string",
                                  "customer_owned_ipv4_pool": "string",
                                  "enable_dns64": "bool",
                                  "enable_resource_name_dns_a_record_on_launch": "bool",
                                  "enable_resource_name_dns_aaaa_record_on_launch": "bool",
                                  "id": "string",
                                  "ipv6_cidr_block": "string",
                                  "ipv6_cidr_block_association_id": "string",
                                  "ipv6_native": "bool",
                                  "map_customer_owned_ip_on_launch": "bool",
                                  "map_public_ip_on_launch": "bool",
                                  "outpost_arn": "string",
                                  "owner_id": "string",
                                  "private_dns_hostname_type_on_launch": "string",
                                  "tags": [
                                    "map",
                                    "string"
                                  ],
                                  "tags_all": [
                                    "map",
                                    "string"
                                  ],
                                  "timeouts": [
                                    "object",
                                    {
                                      "create": "string",
                                      "delete": "string"
                                    }
                                  ],
                                  "vpc_id": "string"
                                }
                              ],
                              [
                                "object",
                                {
                                  "arn": "string",
                                  "assign_ipv6_address_on_creation": "bool",
                                  "availability_zone": "string",
                                  "availability_zone_id": "string",
                                  "cidr_block": "string",
                                  "customer_owned_ipv4_pool": "string",
                                  "enable_dns64": "bool",
                                  "enable_resource_name_dns_a_record_on_launch": "bool",
                                  "enable_resource_name_dns_aaaa_record_on_launch": "bool",
                                  "id": "string",
                                  "ipv6_cidr_block": "string",
                                  "ipv6_cidr_block_association_id": "string",
                                  "ipv6_native": "bool",
                                  "map_customer_owned_ip_on_launch": "bool",
                                  "map_public_ip_on_launch": "bool",
                                  "outpost_arn": "string",
                                  "owner_id": "string",
                                  "private_dns_hostname_type_on_launch": "string",
                                  "tags": [
                                    "map",
                                    "string"
                                  ],
                                  "tags_all": [
                                    "map",
                                    "string"
                                  ],
                                  "timeouts": [
                                    "object",
                                    {
                                      "create": "string",
                                      "delete": "string"
                                    }
                                  ],
                                  "vpc_id": "string"
                                }
                              ]
                            ]
                          ],
                          "vpc_id": "string"
                        }
                      ]
                    }
                  ],
                  "vpc_cidr": "string",
                  "vpc_id": "string",
                  "vpc_name": "string"
                }
              ]
            },
            "workspace": null
          },
          "sensitive_attributes": []
        }
      ]
    },
    {
      "mode": "managed",
      "type": "aws_instance",
      "name": "ubuntu",
      "provider": "provider[\"registry.terraform.io/hashicorp/aws\"]",
      "instances": [
        {
          "schema_version": 1,
          "attributes": {
            "ami": "ami-08f869ae259b6bc98",
            "arn": "arn:aws:ec2:ap-northeast-2:755233231675:instance/i-09c6fdda408ee0515",
            "associate_public_ip_address": true,
            "availability_zone": "ap-northeast-2a",
            "capacity_reservation_specification": [
              {
                "capacity_reservation_preference": "open",
                "capacity_reservation_target": []
              }
            ],
            "cpu_core_count": 1,
            "cpu_threads_per_core": 1,
            "credit_specification": [
              {
                "cpu_credits": "unlimited"
              }
            ],
            "disable_api_stop": false,
            "disable_api_termination": false,
            "ebs_block_device": [],
            "ebs_optimized": false,
            "enclave_options": [
              {
                "enabled": false
              }
            ],
            "ephemeral_block_device": [],
            "get_password_data": false,
            "hibernation": false,
            "host_id": null,
            "iam_instance_profile": "",
            "id": "i-09c6fdda408ee0515",
            "instance_initiated_shutdown_behavior": "stop",
            "instance_state": "running",
            "instance_type": "t2.micro",
            "ipv6_address_count": 0,
            "ipv6_addresses": [],
            "key_name": "",
            "launch_template": [],
            "maintenance_options": [
              {
                "auto_recovery": "default"
              }
            ],
            "metadata_options": [
              {
                "http_endpoint": "enabled",
                "http_put_response_hop_limit": 1,
                "http_tokens": "optional",
                "instance_metadata_tags": "disabled"
              }
            ],
            "monitoring": false,
            "network_interface": [],
            "outpost_arn": "",
            "password_data": "",
            "placement_group": "",
            "placement_partition_number": null,
            "primary_network_interface_id": "eni-0b40e5c7be99cb604",
            "private_dns": "ip-10-0-0-222.ap-northeast-2.compute.internal",
            "private_dns_name_options": [
              {
                "enable_resource_name_dns_a_record": false,
                "enable_resource_name_dns_aaaa_record": false,
                "hostname_type": "ip-name"
              }
            ],
            "private_ip": "10.0.0.222",
            "public_dns": "ec2-13-124-233-63.ap-northeast-2.compute.amazonaws.com",
            "public_ip": "13.124.233.63",
            "root_block_device": [
              {
                "delete_on_termination": true,
                "device_name": "/dev/sda1",
                "encrypted": false,
                "iops": 100,
                "kms_key_id": "",
                "tags": {},
                "throughput": 0,
                "volume_id": "vol-0afa4ac562f0e0f22",
                "volume_size": 8,
                "volume_type": "gp2"
              }
            ],
            "secondary_private_ips": [],
            "security_groups": [],
            "source_dest_check": true,
            "subnet_id": "subnet-0158add01c7e5ac01",
            "tags": {
              "Name": "remote-state-ubuntu"
            },
            "tags_all": {
              "Name": "remote-state-ubuntu"
            },
            "tenancy": "default",
            "timeouts": null,
            "user_data": null,
            "user_data_base64": null,
            "user_data_replace_on_change": false,
            "volume_tags": null,
            "vpc_security_group_ids": [
              "sg-059beea46e6a58d62"
            ]
          },
          "sensitive_attributes": [],
          "private": "eyJlMmJmYjczMC1lY2FhLTExZTYtOGY4OC0zNDM2M2JjN2M0YzAiOnsiY3JlYXRlIjo2MDAwMDAwMDAwMDAsImRlbGV0ZSI6MTIwMDAwMDAwMDAwMCwidXBkYXRlIjo2MDAwMDAwMDAwMDB9LCJzY2hlbWFfdmVyc2lvbiI6IjEifQ==",
          "dependencies": [
            "data.aws_ami.ubuntu",
            "data.terraform_remote_state.network"
          ]
        }
      ]
    }
  ]
}
