{
  "version": 4,
  "terraform_version": "1.2.5",
  "serial": 20,
  "lineage": "3f1fea74-f9e3-4f75-094a-6972866cbd78",
  "outputs": {
    "count_user_arns": {
      "value": [
        "arn:aws:iam::755233231675:user/count-user-0",
        "arn:aws:iam::755233231675:user/count-user-1",
        "arn:aws:iam::755233231675:user/count-user-2",
        "arn:aws:iam::755233231675:user/count-user-3",
        "arn:aws:iam::755233231675:user/count-user-4",
        "arn:aws:iam::755233231675:user/count-user-5",
        "arn:aws:iam::755233231675:user/count-user-6",
        "arn:aws:iam::755233231675:user/count-user-7",
        "arn:aws:iam::755233231675:user/count-user-8",
        "arn:aws:iam::755233231675:user/count-user-9"
      ],
      "type": [
        "tuple",
        [
          "string",
          "string",
          "string",
          "string",
          "string",
          "string",
          "string",
          "string",
          "string",
          "string"
        ]
      ]
    },
    "for_each_map_user_arns": {
      "value": [
        "arn:aws:iam::755233231675:user/alice",
        "arn:aws:iam::755233231675:user/bob",
        "arn:aws:iam::755233231675:user/john"
      ],
      "type": [
        "tuple",
        [
          "string",
          "string",
          "string"
        ]
      ]
    },
    "for_each_set_user_arns": {
      "value": [
        "arn:aws:iam::755233231675:user/for-each-set-user-1",
        "arn:aws:iam::755233231675:user/for-each-set-user-2",
        "arn:aws:iam::755233231675:user/for-each-set-user-3"
      ],
      "type": [
        "tuple",
        [
          "string",
          "string",
          "string"
        ]
      ]
    },
    "user_arns": {
      "value": [
        "arn:aws:iam::755233231675:user/user-1",
        "arn:aws:iam::755233231675:user/user-2",
        "arn:aws:iam::755233231675:user/user-3"
      ],
      "type": [
        "tuple",
        [
          "string",
          "string",
          "string"
        ]
      ]
    }
  },
  "resources": [
    {
      "mode": "managed",
      "type": "aws_iam_user",
      "name": "count",
      "provider": "provider[\"registry.terraform.io/hashicorp/aws\"]",
      "instances": [
        {
          "index_key": 0,
          "schema_version": 0,
          "attributes": {
            "arn": "arn:aws:iam::755233231675:user/count-user-0",
            "force_destroy": false,
            "id": "count-user-0",
            "name": "count-user-0",
            "path": "/",
            "permissions_boundary": null,
            "tags": null,
            "tags_all": {},
            "unique_id": "AIDA27V3ISM54QH6TE5HY"
          },
          "sensitive_attributes": [],
          "private": "bnVsbA=="
        },
        {
          "index_key": 1,
          "schema_version": 0,
          "attributes": {
            "arn": "arn:aws:iam::755233231675:user/count-user-1",
            "force_destroy": false,
            "id": "count-user-1",
            "name": "count-user-1",
            "path": "/",
            "permissions_boundary": null,
            "tags": null,
            "tags_all": {},
            "unique_id": "AIDA27V3ISM57FPZYTKW2"
          },
          "sensitive_attributes": [],
          "private": "bnVsbA=="
        },
        {
          "index_key": 2,
          "schema_version": 0,
          "attributes": {
            "arn": "arn:aws:iam::755233231675:user/count-user-2",
            "force_destroy": false,
            "id": "count-user-2",
            "name": "count-user-2",
            "path": "/",
            "permissions_boundary": null,
            "tags": null,
            "tags_all": {},
            "unique_id": "AIDA27V3ISM544M3DUWBJ"
          },
          "sensitive_attributes": [],
          "private": "bnVsbA=="
        },
        {
          "index_key": 3,
          "schema_version": 0,
          "attributes": {
            "arn": "arn:aws:iam::755233231675:user/count-user-3",
            "force_destroy": false,
            "id": "count-user-3",
            "name": "count-user-3",
            "path": "/",
            "permissions_boundary": null,
            "tags": null,
            "tags_all": {},
            "unique_id": "AIDA27V3ISM5YCS2U6UTW"
          },
          "sensitive_attributes": [],
          "private": "bnVsbA=="
        },
        {
          "index_key": 4,
          "schema_version": 0,
          "attributes": {
            "arn": "arn:aws:iam::755233231675:user/count-user-4",
            "force_destroy": false,
            "id": "count-user-4",
            "name": "count-user-4",
            "path": "/",
            "permissions_boundary": null,
            "tags": null,
            "tags_all": {},
            "unique_id": "AIDA27V3ISM5S3G5XGCMA"
          },
          "sensitive_attributes": [],
          "private": "bnVsbA=="
        },
        {
          "index_key": 5,
          "schema_version": 0,
          "attributes": {
            "arn": "arn:aws:iam::755233231675:user/count-user-5",
            "force_destroy": false,
            "id": "count-user-5",
            "name": "count-user-5",
            "path": "/",
            "permissions_boundary": null,
            "tags": null,
            "tags_all": {},
            "unique_id": "AIDA27V3ISM53C75M5AWF"
          },
          "sensitive_attributes": [],
          "private": "bnVsbA=="
        },
        {
          "index_key": 6,
          "schema_version": 0,
          "attributes": {
            "arn": "arn:aws:iam::755233231675:user/count-user-6",
            "force_destroy": false,
            "id": "count-user-6",
            "name": "count-user-6",
            "path": "/",
            "permissions_boundary": null,
            "tags": null,
            "tags_all": {},
            "unique_id": "AIDA27V3ISM5TRK5XG6VT"
          },
          "sensitive_attributes": [],
          "private": "bnVsbA=="
        },
        {
          "index_key": 7,
          "schema_version": 0,
          "attributes": {
            "arn": "arn:aws:iam::755233231675:user/count-user-7",
            "force_destroy": false,
            "id": "count-user-7",
            "name": "count-user-7",
            "path": "/",
            "permissions_boundary": null,
            "tags": null,
            "tags_all": {},
            "unique_id": "AIDA27V3ISM5RWTA2OOH7"
          },
          "sensitive_attributes": [],
          "private": "bnVsbA=="
        },
        {
          "index_key": 8,
          "schema_version": 0,
          "attributes": {
            "arn": "arn:aws:iam::755233231675:user/count-user-8",
            "force_destroy": false,
            "id": "count-user-8",
            "name": "count-user-8",
            "path": "/",
            "permissions_boundary": null,
            "tags": null,
            "tags_all": {},
            "unique_id": "AIDA27V3ISM547QBCY6U3"
          },
          "sensitive_attributes": [],
          "private": "bnVsbA=="
        },
        {
          "index_key": 9,
          "schema_version": 0,
          "attributes": {
            "arn": "arn:aws:iam::755233231675:user/count-user-9",
            "force_destroy": false,
            "id": "count-user-9",
            "name": "count-user-9",
            "path": "/",
            "permissions_boundary": null,
            "tags": null,
            "tags_all": {},
            "unique_id": "AIDA27V3ISM5S3V7KPJF5"
          },
          "sensitive_attributes": [],
          "private": "bnVsbA=="
        }
      ]
    },
    {
      "mode": "managed",
      "type": "aws_iam_user",
      "name": "for_each_map",
      "provider": "provider[\"registry.terraform.io/hashicorp/aws\"]",
      "instances": [
        {
          "index_key": "alice",
          "schema_version": 0,
          "attributes": {
            "arn": "arn:aws:iam::755233231675:user/alice",
            "force_destroy": false,
            "id": "alice",
            "name": "alice",
            "path": "/",
            "permissions_boundary": null,
            "tags": {
              "level": "low",
              "manager": "posquit0"
            },
            "tags_all": {
              "level": "low",
              "manager": "posquit0"
            },
            "unique_id": "AIDA27V3ISM56QBWYVAF3"
          },
          "sensitive_attributes": [],
          "private": "bnVsbA=="
        },
        {
          "index_key": "bob",
          "schema_version": 0,
          "attributes": {
            "arn": "arn:aws:iam::755233231675:user/bob",
            "force_destroy": false,
            "id": "bob",
            "name": "bob",
            "path": "/",
            "permissions_boundary": null,
            "tags": {
              "level": "mid",
              "manager": "posquit0"
            },
            "tags_all": {
              "level": "mid",
              "manager": "posquit0"
            },
            "unique_id": "AIDA27V3ISM5TIPZLLIS5"
          },
          "sensitive_attributes": [],
          "private": "bnVsbA=="
        },
        {
          "index_key": "john",
          "schema_version": 0,
          "attributes": {
            "arn": "arn:aws:iam::755233231675:user/john",
            "force_destroy": false,
            "id": "john",
            "name": "john",
            "path": "/",
            "permissions_boundary": null,
            "tags": {
              "level": "high",
              "manager": "steve"
            },
            "tags_all": {
              "level": "high",
              "manager": "steve"
            },
            "unique_id": "AIDA27V3ISM5UBY44537B"
          },
          "sensitive_attributes": [],
          "private": "bnVsbA=="
        }
      ]
    },
    {
      "mode": "managed",
      "type": "aws_iam_user",
      "name": "for_each_set",
      "provider": "provider[\"registry.terraform.io/hashicorp/aws\"]",
      "instances": [
        {
          "index_key": "for-each-set-user-1",
          "schema_version": 0,
          "attributes": {
            "arn": "arn:aws:iam::755233231675:user/for-each-set-user-1",
            "force_destroy": false,
            "id": "for-each-set-user-1",
            "name": "for-each-set-user-1",
            "path": "/",
            "permissions_boundary": null,
            "tags": null,
            "tags_all": {},
            "unique_id": "AIDA27V3ISM5SBZI4NCBS"
          },
          "sensitive_attributes": [],
          "private": "bnVsbA=="
        },
        {
          "index_key": "for-each-set-user-2",
          "schema_version": 0,
          "attributes": {
            "arn": "arn:aws:iam::755233231675:user/for-each-set-user-2",
            "force_destroy": false,
            "id": "for-each-set-user-2",
            "name": "for-each-set-user-2",
            "path": "/",
            "permissions_boundary": null,
            "tags": null,
            "tags_all": {},
            "unique_id": "AIDA27V3ISM56ST2CXT74"
          },
          "sensitive_attributes": [],
          "private": "bnVsbA=="
        },
        {
          "index_key": "for-each-set-user-3",
          "schema_version": 0,
          "attributes": {
            "arn": "arn:aws:iam::755233231675:user/for-each-set-user-3",
            "force_destroy": false,
            "id": "for-each-set-user-3",
            "name": "for-each-set-user-3",
            "path": "/",
            "permissions_boundary": null,
            "tags": null,
            "tags_all": {},
            "unique_id": "AIDA27V3ISM5RPWIOLQKC"
          },
          "sensitive_attributes": [],
          "private": "bnVsbA=="
        }
      ]
    },
    {
      "mode": "managed",
      "type": "aws_iam_user",
      "name": "user_1",
      "provider": "provider[\"registry.terraform.io/hashicorp/aws\"]",
      "instances": [
        {
          "schema_version": 0,
          "attributes": {
            "arn": "arn:aws:iam::755233231675:user/user-1",
            "force_destroy": false,
            "id": "user-1",
            "name": "user-1",
            "path": "/",
            "permissions_boundary": null,
            "tags": null,
            "tags_all": {},
            "unique_id": "AIDA27V3ISM55X5NOCVMF"
          },
          "sensitive_attributes": [],
          "private": "bnVsbA=="
        }
      ]
    },
    {
      "mode": "managed",
      "type": "aws_iam_user",
      "name": "user_2",
      "provider": "provider[\"registry.terraform.io/hashicorp/aws\"]",
      "instances": [
        {
          "schema_version": 0,
          "attributes": {
            "arn": "arn:aws:iam::755233231675:user/user-2",
            "force_destroy": false,
            "id": "user-2",
            "name": "user-2",
            "path": "/",
            "permissions_boundary": null,
            "tags": null,
            "tags_all": {},
            "unique_id": "AIDA27V3ISM5W32ZKXX2W"
          },
          "sensitive_attributes": [],
          "private": "bnVsbA=="
        }
      ]
    },
    {
      "mode": "managed",
      "type": "aws_iam_user",
      "name": "user_3",
      "provider": "provider[\"registry.terraform.io/hashicorp/aws\"]",
      "instances": [
        {
          "schema_version": 0,
          "attributes": {
            "arn": "arn:aws:iam::755233231675:user/user-3",
            "force_destroy": false,
            "id": "user-3",
            "name": "user-3",
            "path": "/",
            "permissions_boundary": null,
            "tags": null,
            "tags_all": {},
            "unique_id": "AIDA27V3ISM55HQZTWNE7"
          },
          "sensitive_attributes": [],
          "private": "bnVsbA=="
        }
      ]
    }
  ]
}
