{
  "version": 4,
  "terraform_version": "1.2.5",
  "serial": 6,
  "lineage": "cb45e0e8-d5c9-aeb3-2e92-ce724c97a136",
  "outputs": {
    "account_name": {
      "value": "sieon2",
      "type": "string"
    },
    "account_password_policy": {
      "value": {
        "allow_users_to_change_password": true,
        "expire_passwords": false,
        "hard_expiry": false,
        "id": "iam-account-password-policy",
        "max_password_age": 0,
        "minimum_password_length": 8,
        "password_reuse_prevention": 0,
        "require_lowercase_characters": true,
        "require_numbers": true,
        "require_symbols": true,
        "require_uppercase_characters": true
      },
      "type": [
        "object",
        {
          "allow_users_to_change_password": "bool",
          "expire_passwords": "bool",
          "hard_expiry": "bool",
          "id": "string",
          "max_password_age": "number",
          "minimum_password_length": "number",
          "password_reuse_prevention": "number",
          "require_lowercase_characters": "bool",
          "require_numbers": "bool",
          "require_symbols": "bool",
          "require_uppercase_characters": "bool"
        }
      ]
    },
    "id": {
      "value": "755233231675",
      "type": "string"
    },
    "signin_url": {
      "value": "https://sieon2.signin.aws.amazon.com/console",
      "type": "string"
    }
  },
  "resources": [
    {
      "module": "module.account",
      "mode": "data",
      "type": "aws_caller_identity",
      "name": "this",
      "provider": "provider[\"registry.terraform.io/hashicorp/aws\"]",
      "instances": [
        {
          "schema_version": 0,
          "attributes": {
            "account_id": "755233231675",
            "arn": "arn:aws:iam::755233231675:user/seank",
            "id": "755233231675",
            "user_id": "AIDA27V3ISM5WMVPSOC2G"
          },
          "sensitive_attributes": []
        }
      ]
    },
    {
      "module": "module.account",
      "mode": "managed",
      "type": "aws_iam_account_alias",
      "name": "this",
      "provider": "provider[\"registry.terraform.io/hashicorp/aws\"]",
      "instances": [
        {
          "schema_version": 0,
          "attributes": {
            "account_alias": "sieon2",
            "id": "sieon2"
          },
          "sensitive_attributes": [],
          "private": "bnVsbA=="
        }
      ]
    },
    {
      "module": "module.account",
      "mode": "managed",
      "type": "aws_iam_account_password_policy",
      "name": "this",
      "provider": "provider[\"registry.terraform.io/hashicorp/aws\"]",
      "instances": [
        {
          "schema_version": 0,
          "attributes": {
            "allow_users_to_change_password": true,
            "expire_passwords": false,
            "hard_expiry": false,
            "id": "iam-account-password-policy",
            "max_password_age": 0,
            "minimum_password_length": 8,
            "password_reuse_prevention": 0,
            "require_lowercase_characters": true,
            "require_numbers": true,
            "require_symbols": true,
            "require_uppercase_characters": true
          },
          "sensitive_attributes": [],
          "private": "bnVsbA=="
        }
      ]
    }
  ]
}
